
Microsoft Visual Studio Solution File, Format Version 12.00
# Visual Studio Version 17
VisualStudioVersion = 17.7.33711.374
MinimumVisualStudioVersion = 10.0.40219.1
Project("{FAE04EC0-301F-11D3-BF4B-00C04F79EFBC}") = "mosaCupBackendServer", "mosaCupBackendServer\mosaCupBackendServer.csproj", "{A147429C-2DEB-4211-B589-E9B3BF0B12BF}"
EndProject
Project("{FAE04EC0-301F-11D3-BF4B-00C04F79EFBC}") = "JoyLevelMLModel", "JoyLevelMLModel\JoyLevelMLModel.csproj", "{031795D4-3EEF-4EFE-A0AD-269BCE0B24E4}"
EndProject
Global
	GlobalSection(SolutionConfigurationPlatforms) = preSolution
		Debug|Any CPU = Debug|Any CPU
		Release|Any CPU = Release|Any CPU
	EndGlobalSection
	GlobalSection(ProjectConfigurationPlatforms) = postSolution
		{A147429C-2DEB-4211-B589-E9B3BF0B12BF}.Debug|Any CPU.ActiveCfg = Debug|Any CPU
		{A147429C-2DEB-4211-B589-E9B3BF0B12BF}.Debug|Any CPU.Build.0 = Debug|Any CPU
		{A147429C-2DEB-4211-B589-E9B3BF0B12BF}.Release|Any CPU.ActiveCfg = Release|Any CPU
		{A147429C-2DEB-4211-B589-E9B3BF0B12BF}.Release|Any CPU.Build.0 = Release|Any CPU
		{031795D4-3EEF-4EFE-A0AD-269BCE0B24E4}.Debug|Any CPU.ActiveCfg = Debug|Any CPU
		{031795D4-3EEF-4EFE-A0AD-269BCE0B24E4}.Debug|Any CPU.Build.0 = Debug|Any CPU
		{031795D4-3EEF-4EFE-A0AD-269BCE0B24E4}.Release|Any CPU.ActiveCfg = Release|Any CPU
		{031795D4-3EEF-4EFE-A0AD-269BCE0B24E4}.Release|Any CPU.Build.0 = Release|Any CPU
	EndGlobalSection
	GlobalSection(SolutionProperties) = preSolution
		HideSolutionNode = FALSE
	EndGlobalSection
	GlobalSection(ExtensibilityGlobals) = postSolution
		SolutionGuid = {AA685229-7D04-4D08-8026-D103D7B68585}
	EndGlobalSection
EndGlobal
